
Microsoft Visual Studio Solution File, Format Version 12.00
# Visual Studio Version 17
VisualStudioVersion = 17.5.33424.131
MinimumVisualStudioVersion = 10.0.40219.1
Project("{FAE04EC0-301F-11D3-BF4B-00C04F79EFBC}") = "Konvert", "Konvert\Konvert.csproj", "{88BA628C-36EC-48A3-9598-4779FB7E7059}"
EndProject
Global
	GlobalSection(SolutionConfigurationPlatforms) = preSolution
		Debug|Any CPU = Debug|Any CPU
		Release|Any CPU = Release|Any CPU
	EndGlobalSection
	GlobalSection(ProjectConfigurationPlatforms) = postSolution
		{88BA628C-36EC-48A3-9598-4779FB7E7059}.Debug|Any CPU.ActiveCfg = Debug|Any CPU
		{88BA628C-36EC-48A3-9598-4779FB7E7059}.Debug|Any CPU.Build.0 = Debug|Any CPU
		{88BA628C-36EC-48A3-9598-4779FB7E7059}.Release|Any CPU.ActiveCfg = Release|Any CPU
		{88BA628C-36EC-48A3-9598-4779FB7E7059}.Release|Any CPU.Build.0 = Release|Any CPU
	EndGlobalSection
	GlobalSection(SolutionProperties) = preSolution
		HideSolutionNode = FALSE
	EndGlobalSection
	GlobalSection(ExtensibilityGlobals) = postSolution
		SolutionGuid = {0733E16F-16BE-4660-8127-2E4373F75C0B}
	EndGlobalSection
EndGlobal
